// !$*UTF8*$!
{
	archiveVersion = 1;
	classes = {
	};
	objectVersion = 50;
	objects = {

/* Begin PBXBuildFile section */
		42EF09F626C9786300BC3CDB /* Tests_iOS.swift in Sources */ = {isa = PBXBuildFile; fileRef = 42EF09F526C9786300BC3CDB /* Tests_iOS.swift */; };
		42EF0A0126C9786300BC3CDB /* Tests_macOS.swift in Sources */ = {isa = PBXBuildFile; fileRef = 42EF0A0026C9786300BC3CDB /* Tests_macOS.swift */; };
		42EF0A0326C9786300BC3CDB /* WordNetApp.swift in Sources */ = {isa = PBXBuildFile; fileRef = 42EF09DA26C9786100BC3CDB /* WordNetApp.swift */; };
		42EF0A0426C9786300BC3CDB /* WordNetApp.swift in Sources */ = {isa = PBXBuildFile; fileRef = 42EF09DA26C9786100BC3CDB /* WordNetApp.swift */; };
		42EF0A0526C9786300BC3CDB /* ContentView.swift in Sources */ = {isa = PBXBuildFile; fileRef = 42EF09DB26C9786100BC3CDB /* ContentView.swift */; };
		42EF0A0626C9786300BC3CDB /* ContentView.swift in Sources */ = {isa = PBXBuildFile; fileRef = 42EF09DB26C9786100BC3CDB /* ContentView.swift */; };
		42EF0A0726C9786300BC3CDB /* Assets.xcassets in Resources */ = {isa = PBXBuildFile; fileRef = 42EF09DC26C9786300BC3CDB /* Assets.xcassets */; };
		42EF0A0826C9786300BC3CDB /* Assets.xcassets in Resources */ = {isa = PBXBuildFile; fileRef = 42EF09DC26C9786300BC3CDB /* Assets.xcassets */; };
		42EF0A1826C978BE00BC3CDB /* synsets.txt in Resources */ = {isa = PBXBuildFile; fileRef = 42EF0A1726C978BE00BC3CDB /* synsets.txt */; };
		42EF0A1926C978BE00BC3CDB /* synsets.txt in Resources */ = {isa = PBXBuildFile; fileRef = 42EF0A1726C978BE00BC3CDB /* synsets.txt */; };
		42EF0A1A26C978BE00BC3CDB /* synsets.txt in Resources */ = {isa = PBXBuildFile; fileRef = 42EF0A1726C978BE00BC3CDB /* synsets.txt */; };
		42EF0A1B26C978BE00BC3CDB /* synsets.txt in Resources */ = {isa = PBXBuildFile; fileRef = 42EF0A1726C978BE00BC3CDB /* synsets.txt */; };
		42EF0A1D26C9790400BC3CDB /* hypernyms.txt in Resources */ = {isa = PBXBuildFile; fileRef = 42EF0A1C26C9790400BC3CDB /* hypernyms.txt */; };
		42EF0A1E26C9790400BC3CDB /* hypernyms.txt in Resources */ = {isa = PBXBuildFile; fileRef = 42EF0A1C26C9790400BC3CDB /* hypernyms.txt */; };
		42EF0A1F26C9790400BC3CDB /* hypernyms.txt in Resources */ = {isa = PBXBuildFile; fileRef = 42EF0A1C26C9790400BC3CDB /* hypernyms.txt */; };
		42EF0A2026C9790400BC3CDB /* hypernyms.txt in Resources */ = {isa = PBXBuildFile; fileRef = 42EF0A1C26C9790400BC3CDB /* hypernyms.txt */; };
		42EF0A2226C9790E00BC3CDB /* WordNet.swift in Sources */ = {isa = PBXBuildFile; fileRef = 42EF0A2126C9790E00BC3CDB /* WordNet.swift */; };
		42EF0A2326C9790E00BC3CDB /* WordNet.swift in Sources */ = {isa = PBXBuildFile; fileRef = 42EF0A2126C9790E00BC3CDB /* WordNet.swift */; };
		42EF0A2426C9790E00BC3CDB /* WordNet.swift in Sources */ = {isa = PBXBuildFile; fileRef = 42EF0A2126C9790E00BC3CDB /* WordNet.swift */; };
		42EF0A2526C9790E00BC3CDB /* WordNet.swift in Sources */ = {isa = PBXBuildFile; fileRef = 42EF0A2126C9790E00BC3CDB /* WordNet.swift */; };
		42EF0A2726C9A38800BC3CDB /* DirectedGraph.swift in Sources */ = {isa = PBXBuildFile; fileRef = 42EF0A2626C9A38800BC3CDB /* DirectedGraph.swift */; };
		42EF0A2826C9A38800BC3CDB /* DirectedGraph.swift in Sources */ = {isa = PBXBuildFile; fileRef = 42EF0A2626C9A38800BC3CDB /* DirectedGraph.swift */; };
		42EF0A2926C9A38800BC3CDB /* DirectedGraph.swift in Sources */ = {isa = PBXBuildFile; fileRef = 42EF0A2626C9A38800BC3CDB /* DirectedGraph.swift */; };
		42EF0A2A26C9A38800BC3CDB /* DirectedGraph.swift in Sources */ = {isa = PBXBuildFile; fileRef = 42EF0A2626C9A38800BC3CDB /* DirectedGraph.swift */; };
		42EF0A2C26CA9B2700BC3CDB /* ShortestAncestralPath.swift in Sources */ = {isa = PBXBuildFile; fileRef = 42EF0A2B26CA9B2700BC3CDB /* ShortestAncestralPath.swift */; };
		42EF0A2D26CA9B2700BC3CDB /* ShortestAncestralPath.swift in Sources */ = {isa = PBXBuildFile; fileRef = 42EF0A2B26CA9B2700BC3CDB /* ShortestAncestralPath.swift */; };
		42EF0A2E26CA9B2700BC3CDB /* ShortestAncestralPath.swift in Sources */ = {isa = PBXBuildFile; fileRef = 42EF0A2B26CA9B2700BC3CDB /* ShortestAncestralPath.swift */; };
		42EF0A2F26CA9B2700BC3CDB /* ShortestAncestralPath.swift in Sources */ = {isa = PBXBuildFile; fileRef = 42EF0A2B26CA9B2700BC3CDB /* ShortestAncestralPath.swift */; };
		42EF0A3126CA9C4D00BC3CDB /* PathLoader.swift in Sources */ = {isa = PBXBuildFile; fileRef = 42EF0A3026CA9C4D00BC3CDB /* PathLoader.swift */; };
		42EF0A3226CA9C4D00BC3CDB /* PathLoader.swift in Sources */ = {isa = PBXBuildFile; fileRef = 42EF0A3026CA9C4D00BC3CDB /* PathLoader.swift */; };
		42EF0A3326CA9C4D00BC3CDB /* PathLoader.swift in Sources */ = {isa = PBXBuildFile; fileRef = 42EF0A3026CA9C4D00BC3CDB /* PathLoader.swift */; };
		42EF0A3426CA9C4D00BC3CDB /* PathLoader.swift in Sources */ = {isa = PBXBuildFile; fileRef = 42EF0A3026CA9C4D00BC3CDB /* PathLoader.swift */; };
		42EF0A3626CA9CBF00BC3CDB /* PathSolution.swift in Sources */ = {isa = PBXBuildFile; fileRef = 42EF0A3526CA9CBF00BC3CDB /* PathSolution.swift */; };
		42EF0A3726CA9CBF00BC3CDB /* PathSolution.swift in Sources */ = {isa = PBXBuildFile; fileRef = 42EF0A3526CA9CBF00BC3CDB /* PathSolution.swift */; };
		42EF0A3826CA9CBF00BC3CDB /* PathSolution.swift in Sources */ = {isa = PBXBuildFile; fileRef = 42EF0A3526CA9CBF00BC3CDB /* PathSolution.swift */; };
		42EF0A3926CA9CBF00BC3CDB /* PathSolution.swift in Sources */ = {isa = PBXBuildFile; fileRef = 42EF0A3526CA9CBF00BC3CDB /* PathSolution.swift */; };
		42EF0A3B26CA9D0400BC3CDB /* Path.swift in Sources */ = {isa = PBXBuildFile; fileRef = 42EF0A3A26CA9D0400BC3CDB /* Path.swift */; };
		42EF0A3C26CA9D0400BC3CDB /* Path.swift in Sources */ = {isa = PBXBuildFile; fileRef = 42EF0A3A26CA9D0400BC3CDB /* Path.swift */; };
		42EF0A3D26CA9D0400BC3CDB /* Path.swift in Sources */ = {isa = PBXBuildFile; fileRef = 42EF0A3A26CA9D0400BC3CDB /* Path.swift */; };
		42EF0A3E26CA9D0400BC3CDB /* Path.swift in Sources */ = {isa = PBXBuildFile; fileRef = 42EF0A3A26CA9D0400BC3CDB /* Path.swift */; };
		42EF0A4A26CC460000BC3CDB /* SearchData.swift in Sources */ = {isa = PBXBuildFile; fileRef = 42EF0A4926CC460000BC3CDB /* SearchData.swift */; };
		42EF0A4B26CC460000BC3CDB /* SearchData.swift in Sources */ = {isa = PBXBuildFile; fileRef = 42EF0A4926CC460000BC3CDB /* SearchData.swift */; };
		42EF0A4C26CC460000BC3CDB /* SearchData.swift in Sources */ = {isa = PBXBuildFile; fileRef = 42EF0A4926CC460000BC3CDB /* SearchData.swift */; };
		42EF0A4D26CC460000BC3CDB /* SearchData.swift in Sources */ = {isa = PBXBuildFile; fileRef = 42EF0A4926CC460000BC3CDB /* SearchData.swift */; };
/* End PBXBuildFile section */

/* Begin PBXContainerItemProxy section */
		42EF09F226C9786300BC3CDB /* PBXContainerItemProxy */ = {
			isa = PBXContainerItemProxy;
			containerPortal = 42EF09D526C9786100BC3CDB /* Project object */;
			proxyType = 1;
			remoteGlobalIDString = 42EF09E026C9786300BC3CDB;
			remoteInfo = "WordNet (iOS)";
		};
		42EF09FD26C9786300BC3CDB /* PBXContainerItemProxy */ = {
			isa = PBXContainerItemProxy;
			containerPortal = 42EF09D526C9786100BC3CDB /* Project object */;
			proxyType = 1;
			remoteGlobalIDString = 42EF09E826C9786300BC3CDB;
			remoteInfo = "WordNet (macOS)";
		};
/* End PBXContainerItemProxy section */

/* Begin PBXFileReference section */
		42EF09DA26C9786100BC3CDB /* WordNetApp.swift */ = {isa = PBXFileReference; lastKnownFileType = sourcecode.swift; path = WordNetApp.swift; sourceTree = "<group>"; };
		42EF09DB26C9786100BC3CDB /* ContentView.swift */ = {isa = PBXFileReference; lastKnownFileType = sourcecode.swift; path = ContentView.swift; sourceTree = "<group>"; };
		42EF09DC26C9786300BC3CDB /* Assets.xcassets */ = {isa = PBXFileReference; lastKnownFileType = folder.assetcatalog; path = Assets.xcassets; sourceTree = "<group>"; };
		42EF09E126C9786300BC3CDB /* WordNet.app */ = {isa = PBXFileReference; explicitFileType = wrapper.application; includeInIndex = 0; path = WordNet.app; sourceTree = BUILT_PRODUCTS_DIR; };
		42EF09E426C9786300BC3CDB /* Info.plist */ = {isa = PBXFileReference; lastKnownFileType = text.plist.xml; path = Info.plist; sourceTree = "<group>"; };
		42EF09E926C9786300BC3CDB /* WordNet.app */ = {isa = PBXFileReference; explicitFileType = wrapper.application; includeInIndex = 0; path = WordNet.app; sourceTree = BUILT_PRODUCTS_DIR; };
		42EF09EB26C9786300BC3CDB /* Info.plist */ = {isa = PBXFileReference; lastKnownFileType = text.plist.xml; path = Info.plist; sourceTree = "<group>"; };
		42EF09EC26C9786300BC3CDB /* macOS.entitlements */ = {isa = PBXFileReference; lastKnownFileType = text.plist.entitlements; path = macOS.entitlements; sourceTree = "<group>"; };
		42EF09F126C9786300BC3CDB /* Tests iOS.xctest */ = {isa = PBXFileReference; explicitFileType = wrapper.cfbundle; includeInIndex = 0; path = "Tests iOS.xctest"; sourceTree = BUILT_PRODUCTS_DIR; };
		42EF09F526C9786300BC3CDB /* Tests_iOS.swift */ = {isa = PBXFileReference; lastKnownFileType = sourcecode.swift; path = Tests_iOS.swift; sourceTree = "<group>"; };
		42EF09F726C9786300BC3CDB /* Info.plist */ = {isa = PBXFileReference; lastKnownFileType = text.plist.xml; path = Info.plist; sourceTree = "<group>"; };
		42EF09FC26C9786300BC3CDB /* Tests macOS.xctest */ = {isa = PBXFileReference; explicitFileType = wrapper.cfbundle; includeInIndex = 0; path = "Tests macOS.xctest"; sourceTree = BUILT_PRODUCTS_DIR; };
		42EF0A0026C9786300BC3CDB /* Tests_macOS.swift */ = {isa = PBXFileReference; lastKnownFileType = sourcecode.swift; path = Tests_macOS.swift; sourceTree = "<group>"; };
		42EF0A0226C9786300BC3CDB /* Info.plist */ = {isa = PBXFileReference; lastKnownFileType = text.plist.xml; path = Info.plist; sourceTree = "<group>"; };
		42EF0A1726C978BE00BC3CDB /* synsets.txt */ = {isa = PBXFileReference; fileEncoding = 4; lastKnownFileType = text; path = synsets.txt; sourceTree = "<group>"; };
		42EF0A1C26C9790400BC3CDB /* hypernyms.txt */ = {isa = PBXFileReference; fileEncoding = 4; lastKnownFileType = text; path = hypernyms.txt; sourceTree = "<group>"; };
		42EF0A2126C9790E00BC3CDB /* WordNet.swift */ = {isa = PBXFileReference; lastKnownFileType = sourcecode.swift; path = WordNet.swift; sourceTree = "<group>"; };
		42EF0A2626C9A38800BC3CDB /* DirectedGraph.swift */ = {isa = PBXFileReference; lastKnownFileType = sourcecode.swift; path = DirectedGraph.swift; sourceTree = "<group>"; };
		42EF0A2B26CA9B2700BC3CDB /* ShortestAncestralPath.swift */ = {isa = PBXFileReference; lastKnownFileType = sourcecode.swift; path = ShortestAncestralPath.swift; sourceTree = "<group>"; };
		42EF0A3026CA9C4D00BC3CDB /* PathLoader.swift */ = {isa = PBXFileReference; lastKnownFileType = sourcecode.swift; path = PathLoader.swift; sourceTree = "<group>"; };
		42EF0A3526CA9CBF00BC3CDB /* PathSolution.swift */ = {isa = PBXFileReference; lastKnownFileType = sourcecode.swift; path = PathSolution.swift; sourceTree = "<group>"; };
		42EF0A3A26CA9D0400BC3CDB /* Path.swift */ = {isa = PBXFileReference; lastKnownFileType = sourcecode.swift; path = Path.swift; sourceTree = "<group>"; };
		42EF0A4926CC460000BC3CDB /* SearchData.swift */ = {isa = PBXFileReference; lastKnownFileType = sourcecode.swift; path = SearchData.swift; sourceTree = "<group>"; };
/* End PBXFileReference section */

/* Begin PBXFrameworksBuildPhase section */
		42EF09DE26C9786300BC3CDB /* Frameworks */ = {
			isa = PBXFrameworksBuildPhase;
			buildActionMask = 2147483647;
			files = (
			);
			runOnlyForDeploymentPostprocessing = 0;
		};
		42EF09E626C9786300BC3CDB /* Frameworks */ = {
			isa = PBXFrameworksBuildPhase;
			buildActionMask = 2147483647;
			files = (
			);
			runOnlyForDeploymentPostprocessing = 0;
		};
		42EF09EE26C9786300BC3CDB /* Frameworks */ = {
			isa = PBXFrameworksBuildPhase;
			buildActionMask = 2147483647;
			files = (
			);
			runOnlyForDeploymentPostprocessing = 0;
		};
		42EF09F926C9786300BC3CDB /* Frameworks */ = {
			isa = PBXFrameworksBuildPhase;
			buildActionMask = 2147483647;
			files = (
			);
			runOnlyForDeploymentPostprocessing = 0;
		};
/* End PBXFrameworksBuildPhase section */

/* Begin PBXGroup section */
		42EF09D426C9786100BC3CDB = {
			isa = PBXGroup;
			children = (
				42EF09D926C9786100BC3CDB /* Shared */,
				42EF09E326C9786300BC3CDB /* iOS */,
				42EF09EA26C9786300BC3CDB /* macOS */,
				42EF09F426C9786300BC3CDB /* Tests iOS */,
				42EF09FF26C9786300BC3CDB /* Tests macOS */,
				42EF09E226C9786300BC3CDB /* Products */,
			);
			sourceTree = "<group>";
		};
		42EF09D926C9786100BC3CDB /* Shared */ = {
			isa = PBXGroup;
			children = (
				42EF0A1726C978BE00BC3CDB /* synsets.txt */,
				42EF0A1C26C9790400BC3CDB /* hypernyms.txt */,
				42EF09DA26C9786100BC3CDB /* WordNetApp.swift */,
				42EF09DB26C9786100BC3CDB /* ContentView.swift */,
				42EF0A4926CC460000BC3CDB /* SearchData.swift */,
				42EF0A2B26CA9B2700BC3CDB /* ShortestAncestralPath.swift */,
				42EF0A3026CA9C4D00BC3CDB /* PathLoader.swift */,
				42EF0A3A26CA9D0400BC3CDB /* Path.swift */,
				42EF0A3526CA9CBF00BC3CDB /* PathSolution.swift */,
				42EF09DC26C9786300BC3CDB /* Assets.xcassets */,
				42EF0A2126C9790E00BC3CDB /* WordNet.swift */,
				42EF0A2626C9A38800BC3CDB /* DirectedGraph.swift */,
			);
			path = Shared;
			sourceTree = "<group>";
		};
		42EF09E226C9786300BC3CDB /* Products */ = {
			isa = PBXGroup;
			children = (
				42EF09E126C9786300BC3CDB /* WordNet.app */,
				42EF09E926C9786300BC3CDB /* WordNet.app */,
				42EF09F126C9786300BC3CDB /* Tests iOS.xctest */,
				42EF09FC26C9786300BC3CDB /* Tests macOS.xctest */,
			);
			name = Products;
			sourceTree = "<group>";
		};
		42EF09E326C9786300BC3CDB /* iOS */ = {
			isa = PBXGroup;
			children = (
				42EF09E426C9786300BC3CDB /* Info.plist */,
			);
			path = iOS;
			sourceTree = "<group>";
		};
		42EF09EA26C9786300BC3CDB /* macOS */ = {
			isa = PBXGroup;
			children = (
				42EF09EB26C9786300BC3CDB /* Info.plist */,
				42EF09EC26C9786300BC3CDB /* macOS.entitlements */,
			);
			path = macOS;
			sourceTree = "<group>";
		};
		42EF09F426C9786300BC3CDB /* Tests iOS */ = {
			isa = PBXGroup;
			children = (
				42EF09F526C9786300BC3CDB /* Tests_iOS.swift */,
				42EF09F726C9786300BC3CDB /* Info.plist */,
			);
			path = "Tests iOS";
			sourceTree = "<group>";
		};
		42EF09FF26C9786300BC3CDB /* Tests macOS */ = {
			isa = PBXGroup;
			children = (
				42EF0A0026C9786300BC3CDB /* Tests_macOS.swift */,
				42EF0A0226C9786300BC3CDB /* Info.plist */,
			);
			path = "Tests macOS";
			sourceTree = "<group>";
		};
/* End PBXGroup section */

/* Begin PBXNativeTarget section */
		42EF09E026C9786300BC3CDB /* WordNet (iOS) */ = {
			isa = PBXNativeTarget;
			buildConfigurationList = 42EF0A0B26C9786300BC3CDB /* Build configuration list for PBXNativeTarget "WordNet (iOS)" */;
			buildPhases = (
				42EF09DD26C9786300BC3CDB /* Sources */,
				42EF09DE26C9786300BC3CDB /* Frameworks */,
				42EF09DF26C9786300BC3CDB /* Resources */,
			);
			buildRules = (
			);
			dependencies = (
			);
			name = "WordNet (iOS)";
			productName = "WordNet (iOS)";
			productReference = 42EF09E126C9786300BC3CDB /* WordNet.app */;
			productType = "com.apple.product-type.application";
		};
		42EF09E826C9786300BC3CDB /* WordNet (macOS) */ = {
			isa = PBXNativeTarget;
			buildConfigurationList = 42EF0A0E26C9786300BC3CDB /* Build configuration list for PBXNativeTarget "WordNet (macOS)" */;
			buildPhases = (
				42EF09E526C9786300BC3CDB /* Sources */,
				42EF09E626C9786300BC3CDB /* Frameworks */,
				42EF09E726C9786300BC3CDB /* Resources */,
			);
			buildRules = (
			);
			dependencies = (
			);
			name = "WordNet (macOS)";
			productName = "WordNet (macOS)";
			productReference = 42EF09E926C9786300BC3CDB /* WordNet.app */;
			productType = "com.apple.product-type.application";
		};
		42EF09F026C9786300BC3CDB /* Tests iOS */ = {
			isa = PBXNativeTarget;
			buildConfigurationList = 42EF0A1126C9786300BC3CDB /* Build configuration list for PBXNativeTarget "Tests iOS" */;
			buildPhases = (
				42EF09ED26C9786300BC3CDB /* Sources */,
				42EF09EE26C9786300BC3CDB /* Frameworks */,
				42EF09EF26C9786300BC3CDB /* Resources */,
			);
			buildRules = (
			);
			dependencies = (
				42EF09F326C9786300BC3CDB /* PBXTargetDependency */,
			);
			name = "Tests iOS";
			productName = "Tests iOS";
			productReference = 42EF09F126C9786300BC3CDB /* Tests iOS.xctest */;
			productType = "com.apple.product-type.bundle.ui-testing";
		};
		42EF09FB26C9786300BC3CDB /* Tests macOS */ = {
			isa = PBXNativeTarget;
			buildConfigurationList = 42EF0A1426C9786300BC3CDB /* Build configuration list for PBXNativeTarget "Tests macOS" */;
			buildPhases = (
				42EF09F826C9786300BC3CDB /* Sources */,
				42EF09F926C9786300BC3CDB /* Frameworks */,
				42EF09FA26C9786300BC3CDB /* Resources */,
			);
			buildRules = (
			);
			dependencies = (
				42EF09FE26C9786300BC3CDB /* PBXTargetDependency */,
			);
			name = "Tests macOS";
			productName = "Tests macOS";
			productReference = 42EF09FC26C9786300BC3CDB /* Tests macOS.xctest */;
			productType = "com.apple.product-type.bundle.ui-testing";
		};
/* End PBXNativeTarget section */

/* Begin PBXProject section */
		42EF09D526C9786100BC3CDB /* Project object */ = {
			isa = PBXProject;
			attributes = {
				LastSwiftUpdateCheck = 1250;
				LastUpgradeCheck = 1250;
				TargetAttributes = {
					42EF09E026C9786300BC3CDB = {
						CreatedOnToolsVersion = 12.5.1;
					};
					42EF09E826C9786300BC3CDB = {
						CreatedOnToolsVersion = 12.5.1;
					};
					42EF09F026C9786300BC3CDB = {
						CreatedOnToolsVersion = 12.5.1;
						TestTargetID = 42EF09E026C9786300BC3CDB;
					};
					42EF09FB26C9786300BC3CDB = {
						CreatedOnToolsVersion = 12.5.1;
						TestTargetID = 42EF09E826C9786300BC3CDB;
					};
				};
			};
			buildConfigurationList = 42EF09D826C9786100BC3CDB /* Build configuration list for PBXProject "WordNet" */;
			compatibilityVersion = "Xcode 9.3";
			developmentRegion = en;
			hasScannedForEncodings = 0;
			knownRegions = (
				en,
				Base,
			);
			mainGroup = 42EF09D426C9786100BC3CDB;
			productRefGroup = 42EF09E226C9786300BC3CDB /* Products */;
			projectDirPath = "";
			projectRoot = "";
			targets = (
				42EF09E026C9786300BC3CDB /* WordNet (iOS) */,
				42EF09E826C9786300BC3CDB /* WordNet (macOS) */,
				42EF09F026C9786300BC3CDB /* Tests iOS */,
				42EF09FB26C9786300BC3CDB /* Tests macOS */,
			);
		};
/* End PBXProject section */

/* Begin PBXResourcesBuildPhase section */
		42EF09DF26C9786300BC3CDB /* Resources */ = {
			isa = PBXResourcesBuildPhase;
			buildActionMask = 2147483647;
			files = (
				42EF0A1D26C9790400BC3CDB /* hypernyms.txt in Resources */,
				42EF0A1826C978BE00BC3CDB /* synsets.txt in Resources */,
				42EF0A0726C9786300BC3CDB /* Assets.xcassets in Resources */,
			);
			runOnlyForDeploymentPostprocessing = 0;
		};
		42EF09E726C9786300BC3CDB /* Resources */ = {
			isa = PBXResourcesBuildPhase;
			buildActionMask = 2147483647;
			files = (
				42EF0A1E26C9790400BC3CDB /* hypernyms.txt in Resources */,
				42EF0A1926C978BE00BC3CDB /* synsets.txt in Resources */,
				42EF0A0826C9786300BC3CDB /* Assets.xcassets in Resources */,
			);
			runOnlyForDeploymentPostprocessing = 0;
		};
		42EF09EF26C9786300BC3CDB /* Resources */ = {
			isa = PBXResourcesBuildPhase;
			buildActionMask = 2147483647;
			files = (
				42EF0A1F26C9790400BC3CDB /* hypernyms.txt in Resources */,
				42EF0A1A26C978BE00BC3CDB /* synsets.txt in Resources */,
			);
			runOnlyForDeploymentPostprocessing = 0;
		};
		42EF09FA26C9786300BC3CDB /* Resources */ = {
			isa = PBXResourcesBuildPhase;
			buildActionMask = 2147483647;
			files = (
				42EF0A2026C9790400BC3CDB /* hypernyms.txt in Resources */,
				42EF0A1B26C978BE00BC3CDB /* synsets.txt in Resources */,
			);
			runOnlyForDeploymentPostprocessing = 0;
		};
/* End PBXResourcesBuildPhase section */

/* Begin PBXSourcesBuildPhase section */
		42EF09DD26C9786300BC3CDB /* Sources */ = {
			isa = PBXSourcesBuildPhase;
			buildActionMask = 2147483647;
			files = (
				42EF0A2726C9A38800BC3CDB /* DirectedGraph.swift in Sources */,
				42EF0A0526C9786300BC3CDB /* ContentView.swift in Sources */,
				42EF0A3B26CA9D0400BC3CDB /* Path.swift in Sources */,
				42EF0A3626CA9CBF00BC3CDB /* PathSolution.swift in Sources */,
				42EF0A0326C9786300BC3CDB /* WordNetApp.swift in Sources */,
				42EF0A2C26CA9B2700BC3CDB /* ShortestAncestralPath.swift in Sources */,
				42EF0A2226C9790E00BC3CDB /* WordNet.swift in Sources */,
				42EF0A4A26CC460000BC3CDB /* SearchData.swift in Sources */,
				42EF0A3126CA9C4D00BC3CDB /* PathLoader.swift in Sources */,
			);
			runOnlyForDeploymentPostprocessing = 0;
		};
		42EF09E526C9786300BC3CDB /* Sources */ = {
			isa = PBXSourcesBuildPhase;
			buildActionMask = 2147483647;
			files = (
				42EF0A2826C9A38800BC3CDB /* DirectedGraph.swift in Sources */,
				42EF0A0626C9786300BC3CDB /* ContentView.swift in Sources */,
				42EF0A3C26CA9D0400BC3CDB /* Path.swift in Sources */,
				42EF0A3726CA9CBF00BC3CDB /* PathSolution.swift in Sources */,
				42EF0A0426C9786300BC3CDB /* WordNetApp.swift in Sources */,
				42EF0A2D26CA9B2700BC3CDB /* ShortestAncestralPath.swift in Sources */,
				42EF0A2326C9790E00BC3CDB /* WordNet.swift in Sources */,
				42EF0A4B26CC460000BC3CDB /* SearchData.swift in Sources */,
				42EF0A3226CA9C4D00BC3CDB /* PathLoader.swift in Sources */,
			);
			runOnlyForDeploymentPostprocessing = 0;
		};
		42EF09ED26C9786300BC3CDB /* Sources */ = {
			isa = PBXSourcesBuildPhase;
			buildActionMask = 2147483647;
			files = (
				42EF0A2E26CA9B2700BC3CDB /* ShortestAncestralPath.swift in Sources */,
				42EF0A3D26CA9D0400BC3CDB /* Path.swift in Sources */,
				42EF0A2926C9A38800BC3CDB /* DirectedGraph.swift in Sources */,
				42EF0A4C26CC460000BC3CDB /* SearchData.swift in Sources */,
				42EF09F626C9786300BC3CDB /* Tests_iOS.swift in Sources */,
				42EF0A2426C9790E00BC3CDB /* WordNet.swift in Sources */,
				42EF0A3326CA9C4D00BC3CDB /* PathLoader.swift in Sources */,
				42EF0A3826CA9CBF00BC3CDB /* PathSolution.swift in Sources */,
			);
			runOnlyForDeploymentPostprocessing = 0;
		};
		42EF09F826C9786300BC3CDB /* Sources */ = {
			isa = PBXSourcesBuildPhase;
			buildActionMask = 2147483647;
			files = (
				42EF0A2F26CA9B2700BC3CDB /* ShortestAncestralPath.swift in Sources */,
				42EF0A3E26CA9D0400BC3CDB /* Path.swift in Sources */,
				42EF0A2A26C9A38800BC3CDB /* DirectedGraph.swift in Sources */,
				42EF0A4D26CC460000BC3CDB /* SearchData.swift in Sources */,
				42EF0A0126C9786300BC3CDB /* Tests_macOS.swift in Sources */,
				42EF0A2526C9790E00BC3CDB /* WordNet.swift in Sources */,
				42EF0A3426CA9C4D00BC3CDB /* PathLoader.swift in Sources */,
				42EF0A3926CA9CBF00BC3CDB /* PathSolution.swift in Sources */,
			);
			runOnlyForDeploymentPostprocessing = 0;
		};
/* End PBXSourcesBuildPhase section */

/* Begin PBXTargetDependency section */
		42EF09F326C9786300BC3CDB /* PBXTargetDependency */ = {
			isa = PBXTargetDependency;
			target = 42EF09E026C9786300BC3CDB /* WordNet (iOS) */;
			targetProxy = 42EF09F226C9786300BC3CDB /* PBXContainerItemProxy */;
		};
		42EF09FE26C9786300BC3CDB /* PBXTargetDependency */ = {
			isa = PBXTargetDependency;
			target = 42EF09E826C9786300BC3CDB /* WordNet (macOS) */;
			targetProxy = 42EF09FD26C9786300BC3CDB /* PBXContainerItemProxy */;
		};
/* End PBXTargetDependency section */

/* Begin XCBuildConfiguration section */
		42EF0A0926C9786300BC3CDB /* Debug */ = {
			isa = XCBuildConfiguration;
			buildSettings = {
				ALWAYS_SEARCH_USER_PATHS = NO;
				CLANG_ANALYZER_NONNULL = YES;
				CLANG_ANALYZER_NUMBER_OBJECT_CONVERSION = YES_AGGRESSIVE;
				CLANG_CXX_LANGUAGE_STANDARD = "gnu++14";
				CLANG_CXX_LIBRARY = "libc++";
				CLANG_ENABLE_MODULES = YES;
				CLANG_ENABLE_OBJC_ARC = YES;
				CLANG_ENABLE_OBJC_WEAK = YES;
				CLANG_WARN_BLOCK_CAPTURE_AUTORELEASING = YES;
				CLANG_WARN_BOOL_CONVERSION = YES;
				CLANG_WARN_COMMA = YES;
				CLANG_WARN_CONSTANT_CONVERSION = YES;
				CLANG_WARN_DEPRECATED_OBJC_IMPLEMENTATIONS = YES;
				CLANG_WARN_DIRECT_OBJC_ISA_USAGE = YES_ERROR;
				CLANG_WARN_DOCUMENTATION_COMMENTS = YES;
				CLANG_WARN_EMPTY_BODY = YES;
				CLANG_WARN_ENUM_CONVERSION = YES;
				CLANG_WARN_INFINITE_RECURSION = YES;
				CLANG_WARN_INT_CONVERSION = YES;
				CLANG_WARN_NON_LITERAL_NULL_CONVERSION = YES;
				CLANG_WARN_OBJC_IMPLICIT_RETAIN_SELF = YES;
				CLANG_WARN_OBJC_LITERAL_CONVERSION = YES;
				CLANG_WARN_OBJC_ROOT_CLASS = YES_ERROR;
				CLANG_WARN_QUOTED_INCLUDE_IN_FRAMEWORK_HEADER = YES;
				CLANG_WARN_RANGE_LOOP_ANALYSIS = YES;
				CLANG_WARN_STRICT_PROTOTYPES = YES;
				CLANG_WARN_SUSPICIOUS_MOVE = YES;
				CLANG_WARN_UNGUARDED_AVAILABILITY = YES_AGGRESSIVE;
				CLANG_WARN_UNREACHABLE_CODE = YES;
				CLANG_WARN__DUPLICATE_METHOD_MATCH = YES;
				COPY_PHASE_STRIP = NO;
				DEBUG_INFORMATION_FORMAT = dwarf;
				ENABLE_STRICT_OBJC_MSGSEND = YES;
				ENABLE_TESTABILITY = YES;
				GCC_C_LANGUAGE_STANDARD = gnu11;
				GCC_DYNAMIC_NO_PIC = NO;
				GCC_NO_COMMON_BLOCKS = YES;
				GCC_OPTIMIZATION_LEVEL = 0;
				GCC_PREPROCESSOR_DEFINITIONS = (
					"DEBUG=1",
					"$(inherited)",
				);
				GCC_WARN_64_TO_32_BIT_CONVERSION = YES;
				GCC_WARN_ABOUT_RETURN_TYPE = YES_ERROR;
				GCC_WARN_UNDECLARED_SELECTOR = YES;
				GCC_WARN_UNINITIALIZED_AUTOS = YES_AGGRESSIVE;
				GCC_WARN_UNUSED_FUNCTION = YES;
				GCC_WARN_UNUSED_VARIABLE = YES;
				MTL_ENABLE_DEBUG_INFO = INCLUDE_SOURCE;
				MTL_FAST_MATH = YES;
				ONLY_ACTIVE_ARCH = YES;
				SWIFT_ACTIVE_COMPILATION_CONDITIONS = DEBUG;
				SWIFT_OPTIMIZATION_LEVEL = "-Onone";
			};
			name = Debug;
		};
		42EF0A0A26C9786300BC3CDB /* Release */ = {
			isa = XCBuildConfiguration;
			buildSettings = {
				ALWAYS_SEARCH_USER_PATHS = NO;
				CLANG_ANALYZER_NONNULL = YES;
				CLANG_ANALYZER_NUMBER_OBJECT_CONVERSION = YES_AGGRESSIVE;
				CLANG_CXX_LANGUAGE_STANDARD = "gnu++14";
				CLANG_CXX_LIBRARY = "libc++";
				CLANG_ENABLE_MODULES = YES;
				CLANG_ENABLE_OBJC_ARC = YES;
				CLANG_ENABLE_OBJC_WEAK = YES;
				CLANG_WARN_BLOCK_CAPTURE_AUTORELEASING = YES;
				CLANG_WARN_BOOL_CONVERSION = YES;
				CLANG_WARN_COMMA = YES;
				CLANG_WARN_CONSTANT_CONVERSION = YES;
				CLANG_WARN_DEPRECATED_OBJC_IMPLEMENTATIONS = YES;
				CLANG_WARN_DIRECT_OBJC_ISA_USAGE = YES_ERROR;
				CLANG_WARN_DOCUMENTATION_COMMENTS = YES;
				CLANG_WARN_EMPTY_BODY = YES;
				CLANG_WARN_ENUM_CONVERSION = YES;
				CLANG_WARN_INFINITE_RECURSION = YES;
				CLANG_WARN_INT_CONVERSION = YES;
				CLANG_WARN_NON_LITERAL_NULL_CONVERSION = YES;
				CLANG_WARN_OBJC_IMPLICIT_RETAIN_SELF = YES;
				CLANG_WARN_OBJC_LITERAL_CONVERSION = YES;
				CLANG_WARN_OBJC_ROOT_CLASS = YES_ERROR;
				CLANG_WARN_QUOTED_INCLUDE_IN_FRAMEWORK_HEADER = YES;
				CLANG_WARN_RANGE_LOOP_ANALYSIS = YES;
				CLANG_WARN_STRICT_PROTOTYPES = YES;
				CLANG_WARN_SUSPICIOUS_MOVE = YES;
				CLANG_WARN_UNGUARDED_AVAILABILITY = YES_AGGRESSIVE;
				CLANG_WARN_UNREACHABLE_CODE = YES;
				CLANG_WARN__DUPLICATE_METHOD_MATCH = YES;
				COPY_PHASE_STRIP = NO;
				DEBUG_INFORMATION_FORMAT = "dwarf-with-dsym";
				ENABLE_NS_ASSERTIONS = NO;
				ENABLE_STRICT_OBJC_MSGSEND = YES;
				GCC_C_LANGUAGE_STANDARD = gnu11;
				GCC_NO_COMMON_BLOCKS = YES;
				GCC_WARN_64_TO_32_BIT_CONVERSION = YES;
				GCC_WARN_ABOUT_RETURN_TYPE = YES_ERROR;
				GCC_WARN_UNDECLARED_SELECTOR = YES;
				GCC_WARN_UNINITIALIZED_AUTOS = YES_AGGRESSIVE;
				GCC_WARN_UNUSED_FUNCTION = YES;
				GCC_WARN_UNUSED_VARIABLE = YES;
				MTL_ENABLE_DEBUG_INFO = NO;
				MTL_FAST_MATH = YES;
				SWIFT_COMPILATION_MODE = wholemodule;
				SWIFT_OPTIMIZATION_LEVEL = "-O";
			};
			name = Release;
		};
		42EF0A0C26C9786300BC3CDB /* Debug */ = {
			isa = XCBuildConfiguration;
			buildSettings = {
				ASSETCATALOG_COMPILER_APPICON_NAME = AppIcon;
				ASSETCATALOG_COMPILER_GLOBAL_ACCENT_COLOR_NAME = AccentColor;
				CODE_SIGN_STYLE = Automatic;
				DEVELOPMENT_TEAM = PVR9HX5Y9T;
				ENABLE_PREVIEWS = YES;
				INFOPLIST_FILE = iOS/Info.plist;
				IPHONEOS_DEPLOYMENT_TARGET = 14.0;
				LD_RUNPATH_SEARCH_PATHS = (
					"$(inherited)",
					"@executable_path/Frameworks",
				);
				PRODUCT_BUNDLE_IDENTIFIER = com.brightmediums.WordNet;
				PRODUCT_NAME = WordNet;
				SDKROOT = iphoneos;
				SWIFT_VERSION = 5.0;
				TARGETED_DEVICE_FAMILY = "1,2";
			};
			name = Debug;
		};
		42EF0A0D26C9786300BC3CDB /* Release */ = {
			isa = XCBuildConfiguration;
			buildSettings = {
				ASSETCATALOG_COMPILER_APPICON_NAME = AppIcon;
				ASSETCATALOG_COMPILER_GLOBAL_ACCENT_COLOR_NAME = AccentColor;
				CODE_SIGN_STYLE = Automatic;
				DEVELOPMENT_TEAM = PVR9HX5Y9T;
				ENABLE_PREVIEWS = YES;
				INFOPLIST_FILE = iOS/Info.plist;
				IPHONEOS_DEPLOYMENT_TARGET = 14.0;
				LD_RUNPATH_SEARCH_PATHS = (
					"$(inherited)",
					"@executable_path/Frameworks",
				);
				PRODUCT_BUNDLE_IDENTIFIER = com.brightmediums.WordNet;
				PRODUCT_NAME = WordNet;
				SDKROOT = iphoneos;
				SWIFT_VERSION = 5.0;
				TARGETED_DEVICE_FAMILY = "1,2";
				VALIDATE_PRODUCT = YES;
			};
			name = Release;
		};
		42EF0A0F26C9786300BC3CDB /* Debug */ = {
			isa = XCBuildConfiguration;
			buildSettings = {
				ASSETCATALOG_COMPILER_APPICON_NAME = AppIcon;
				ASSETCATALOG_COMPILER_GLOBAL_ACCENT_COLOR_NAME = AccentColor;
				CODE_SIGN_ENTITLEMENTS = macOS/macOS.entitlements;
				CODE_SIGN_STYLE = Automatic;
				COMBINE_HIDPI_IMAGES = YES;
				DEVELOPMENT_TEAM = PVR9HX5Y9T;
				ENABLE_HARDENED_RUNTIME = YES;
				ENABLE_PREVIEWS = YES;
				INFOPLIST_FILE = macOS/Info.plist;
				LD_RUNPATH_SEARCH_PATHS = (
					"$(inherited)",
					"@executable_path/../Frameworks",
				);
				MACOSX_DEPLOYMENT_TARGET = 11.0;
				PRODUCT_BUNDLE_IDENTIFIER = com.brightmediums.WordNet;
				PRODUCT_NAME = WordNet;
				SDKROOT = macosx;
				SWIFT_VERSION = 5.0;
			};
			name = Debug;
		};
		42EF0A1026C9786300BC3CDB /* Release */ = {
			isa = XCBuildConfiguration;
			buildSettings = {
				ASSETCATALOG_COMPILER_APPICON_NAME = AppIcon;
				ASSETCATALOG_COMPILER_GLOBAL_ACCENT_COLOR_NAME = AccentColor;
				CODE_SIGN_ENTITLEMENTS = macOS/macOS.entitlements;
				CODE_SIGN_STYLE = Automatic;
				COMBINE_HIDPI_IMAGES = YES;
				DEVELOPMENT_TEAM = PVR9HX5Y9T;
				ENABLE_HARDENED_RUNTIME = YES;
				ENABLE_PREVIEWS = YES;
				INFOPLIST_FILE = macOS/Info.plist;
				LD_RUNPATH_SEARCH_PATHS = (
					"$(inherited)",
					"@executable_path/../Frameworks",
				);
				MACOSX_DEPLOYMENT_TARGET = 11.0;
				PRODUCT_BUNDLE_IDENTIFIER = com.brightmediums.WordNet;
				PRODUCT_NAME = WordNet;
				SDKROOT = macosx;
				SWIFT_VERSION = 5.0;
			};
			name = Release;
		};
		42EF0A1226C9786300BC3CDB /* Debug */ = {
			isa = XCBuildConfiguration;
			buildSettings = {
				ALWAYS_EMBED_SWIFT_STANDARD_LIBRARIES = YES;
				CODE_SIGN_STYLE = Automatic;
				DEVELOPMENT_TEAM = PVR9HX5Y9T;
				INFOPLIST_FILE = "Tests iOS/Info.plist";
				IPHONEOS_DEPLOYMENT_TARGET = 14.5;
				LD_RUNPATH_SEARCH_PATHS = (
					"$(inherited)",
					"@executable_path/Frameworks",
					"@loader_path/Frameworks",
				);
				PRODUCT_BUNDLE_IDENTIFIER = "com.brightmediums.Tests-iOS";
				PRODUCT_NAME = "$(TARGET_NAME)";
				SDKROOT = iphoneos;
				SWIFT_VERSION = 5.0;
				TARGETED_DEVICE_FAMILY = "1,2";
				TEST_TARGET_NAME = "WordNet (iOS)";
			};
			name = Debug;
		};
		42EF0A1326C9786300BC3CDB /* Release */ = {
			isa = XCBuildConfiguration;
			buildSettings = {
				ALWAYS_EMBED_SWIFT_STANDARD_LIBRARIES = YES;
				CODE_SIGN_STYLE = Automatic;
				DEVELOPMENT_TEAM = PVR9HX5Y9T;
				INFOPLIST_FILE = "Tests iOS/Info.plist";
				IPHONEOS_DEPLOYMENT_TARGET = 14.5;
				LD_RUNPATH_SEARCH_PATHS = (
					"$(inherited)",
					"@executable_path/Frameworks",
					"@loader_path/Frameworks",
				);
				PRODUCT_BUNDLE_IDENTIFIER = "com.brightmediums.Tests-iOS";
				PRODUCT_NAME = "$(TARGET_NAME)";
				SDKROOT = iphoneos;
				SWIFT_VERSION = 5.0;
				TARGETED_DEVICE_FAMILY = "1,2";
				TEST_TARGET_NAME = "WordNet (iOS)";
				VALIDATE_PRODUCT = YES;
			};
			name = Release;
		};
		42EF0A1526C9786300BC3CDB /* Debug */ = {
			isa = XCBuildConfiguration;
			buildSettings = {
				ALWAYS_EMBED_SWIFT_STANDARD_LIBRARIES = YES;
				CODE_SIGN_STYLE = Automatic;
				COMBINE_HIDPI_IMAGES = YES;
				DEVELOPMENT_TEAM = PVR9HX5Y9T;
				INFOPLIST_FILE = "Tests macOS/Info.plist";
				LD_RUNPATH_SEARCH_PATHS = (
					"$(inherited)",
					"@executable_path/../Frameworks",
					"@loader_path/../Frameworks",
				);
				MACOSX_DEPLOYMENT_TARGET = 11.3;
				PRODUCT_BUNDLE_IDENTIFIER = "com.brightmediums.Tests-macOS";
				PRODUCT_NAME = "$(TARGET_NAME)";
				SDKROOT = macosx;
				SWIFT_VERSION = 5.0;
				TEST_TARGET_NAME = "WordNet (macOS)";
			};
			name = Debug;
		};
		42EF0A1626C9786300BC3CDB /* Release */ = {
			isa = XCBuildConfiguration;
			buildSettings = {
				ALWAYS_EMBED_SWIFT_STANDARD_LIBRARIES = YES;
				CODE_SIGN_STYLE = Automatic;
				COMBINE_HIDPI_IMAGES = YES;
				DEVELOPMENT_TEAM = PVR9HX5Y9T;
				INFOPLIST_FILE = "Tests macOS/Info.plist";
				LD_RUNPATH_SEARCH_PATHS = (
					"$(inherited)",
					"@executable_path/../Frameworks",
					"@loader_path/../Frameworks",
				);
				MACOSX_DEPLOYMENT_TARGET = 11.3;
				PRODUCT_BUNDLE_IDENTIFIER = "com.brightmediums.Tests-macOS";
				PRODUCT_NAME = "$(TARGET_NAME)";
				SDKROOT = macosx;
				SWIFT_VERSION = 5.0;
				TEST_TARGET_NAME = "WordNet (macOS)";
			};
			name = Release;
		};
/* End XCBuildConfiguration section */

/* Begin XCConfigurationList section */
		42EF09D826C9786100BC3CDB /* Build configuration list for PBXProject "WordNet" */ = {
			isa = XCConfigurationList;
			buildConfigurations = (
				42EF0A0926C9786300BC3CDB /* Debug */,
				42EF0A0A26C9786300BC3CDB /* Release */,
			);
			defaultConfigurationIsVisible = 0;
			defaultConfigurationName = Release;
		};
		42EF0A0B26C9786300BC3CDB /* Build configuration list for PBXNativeTarget "WordNet (iOS)" */ = {
			isa = XCConfigurationList;
			buildConfigurations = (
				42EF0A0C26C9786300BC3CDB /* Debug */,
				42EF0A0D26C9786300BC3CDB /* Release */,
			);
			defaultConfigurationIsVisible = 0;
			defaultConfigurationName = Release;
		};
		42EF0A0E26C9786300BC3CDB /* Build configuration list for PBXNativeTarget "WordNet (macOS)" */ = {
			isa = XCConfigurationList;
			buildConfigurations = (
				42EF0A0F26C9786300BC3CDB /* Debug */,
				42EF0A1026C9786300BC3CDB /* Release */,
			);
			defaultConfigurationIsVisible = 0;
			defaultConfigurationName = Release;
		};
		42EF0A1126C9786300BC3CDB /* Build configuration list for PBXNativeTarget "Tests iOS" */ = {
			isa = XCConfigurationList;
			buildConfigurations = (
				42EF0A1226C9786300BC3CDB /* Debug */,
				42EF0A1326C9786300BC3CDB /* Release */,
			);
			defaultConfigurationIsVisible = 0;
			defaultConfigurationName = Release;
		};
		42EF0A1426C9786300BC3CDB /* Build configuration list for PBXNativeTarget "Tests macOS" */ = {
			isa = XCConfigurationList;
			buildConfigurations = (
				42EF0A1526C9786300BC3CDB /* Debug */,
				42EF0A1626C9786300BC3CDB /* Release */,
			);
			defaultConfigurationIsVisible = 0;
			defaultConfigurationName = Release;
		};
/* End XCConfigurationList section */
	};
	rootObject = 42EF09D526C9786100BC3CDB /* Project object */;
}
